
Microsoft Visual Studio Solution File, Format Version 12.00
# Visual Studio Version 16
VisualStudioVersion = 16.0.31515.178
MinimumVisualStudioVersion = 10.0.40219.1
Project("{FAE04EC0-301F-11D3-BF4B-00C04F79EFBC}") = "StaticFilesSample", "StaticFilesSample\StaticFilesSample.csproj", "{2F514EA0-5161-41AA-9373-BE483B25307B}"
EndProject
Global
	GlobalSection(SolutionConfigurationPlatforms) = preSolution
		Debug|Any CPU = Debug|Any CPU
		Release|Any CPU = Release|Any CPU
	EndGlobalSection
	GlobalSection(ProjectConfigurationPlatforms) = postSolution
		{2F514EA0-5161-41AA-9373-BE483B25307B}.Debug|Any CPU.ActiveCfg = Debug|Any CPU
		{2F514EA0-5161-41AA-9373-BE483B25307B}.Debug|Any CPU.Build.0 = Debug|Any CPU
		{2F514EA0-5161-41AA-9373-BE483B25307B}.Release|Any CPU.ActiveCfg = Release|Any CPU
		{2F514EA0-5161-41AA-9373-BE483B25307B}.Release|Any CPU.Build.0 = Release|Any CPU
	EndGlobalSection
	GlobalSection(SolutionProperties) = preSolution
		HideSolutionNode = FALSE
	EndGlobalSection
	GlobalSection(ExtensibilityGlobals) = postSolution
		SolutionGuid = {350BC751-2525-4B5F-8877-0381A05ED865}
	EndGlobalSection
EndGlobal
